// !$*UTF8*$!
{
	archiveVersion = 1;
	classes = {
	};
	objectVersion = 77;
	objects = {

/* Begin PBXContainerItemProxy section */
		ACBB9A082F4B7C2F0044AA14 /* PBXContainerItemProxy */ = {
			isa = PBXContainerItemProxy;
			containerPortal = ACBB99F22F4B7C2C0044AA14 /* Project object */;
			proxyType = 1;
			remoteGlobalIDString = ACBB99F92F4B7C2C0044AA14;
			remoteInfo = OutfitPicker;
		};
		ACBB9A122F4B7C2F0044AA14 /* PBXContainerItemProxy */ = {
			isa = PBXContainerItemProxy;
			containerPortal = ACBB99F22F4B7C2C0044AA14 /* Project object */;
			proxyType = 1;
			remoteGlobalIDString = ACBB99F92F4B7C2C0044AA14;
			remoteInfo = OutfitPicker;
		};
/* End PBXContainerItemProxy section */

/* Begin PBXFileReference section */
		ACBB99FA2F4B7C2C0044AA14 /* OutfitPicker.app */ = {isa = PBXFileReference; explicitFileType = wrapper.application; includeInIndex = 0; path = OutfitPicker.app; sourceTree = BUILT_PRODUCTS_DIR; };
		ACBB9A072F4B7C2F0044AA14 /* OutfitPickerTests.xctest */ = {isa = PBXFileReference; explicitFileType = wrapper.cfbundle; includeInIndex = 0; path = OutfitPickerTests.xctest; sourceTree = BUILT_PRODUCTS_DIR; };
		ACBB9A112F4B7C2F0044AA14 /* OutfitPickerUITests.xctest */ = {isa = PBXFileReference; explicitFileType = wrapper.cfbundle; includeInIndex = 0; path = OutfitPickerUITests.xctest; sourceTree = BUILT_PRODUCTS_DIR; };
/* End PBXFileReference section */

/* Begin PBXFileSystemSynchronizedRootGroup section */
		ACBB99FC2F4B7C2C0044AA14 /* OutfitPicker */ = {
			isa = PBXFileSystemSynchronizedRootGroup;
			path = OutfitPicker;
			sourceTree = "<group>";
		};
		ACBB9A0A2F4B7C2F0044AA14 /* OutfitPickerTests */ = {
			isa = PBXFileSystemSynchronizedRootGroup;
			path = OutfitPickerTests;
			sourceTree = "<group>";
		};
		ACBB9A142F4B7C2F0044AA14 /* OutfitPickerUITests */ = {
			isa = PBXFileSystemSynchronizedRootGroup;
			path = OutfitPickerUITests;
			sourceTree = "<group>";
		};
/* End PBXFileSystemSynchronizedRootGroup section */

/* Begin PBXFrameworksBuildPhase section */
		ACBB99F72F4B7C2C0044AA14 /* Frameworks */ = {
			isa = PBXFrameworksBuildPhase;
			buildActionMask = 2147483647;
			files = (
			);
			runOnlyForDeploymentPostprocessing = 0;
		};
		ACBB9A042F4B7C2F0044AA14 /* Frameworks */ = {
			isa = PBXFrameworksBuildPhase;
			buildActionMask = 2147483647;
			files = (
			);
			runOnlyForDeploymentPostprocessing = 0;
		};
		ACBB9A0E2F4B7C2F0044AA14 /* Frameworks */ = {
			isa = PBXFrameworksBuildPhase;
			buildActionMask = 2147483647;
			files = (
			);
			runOnlyForDeploymentPostprocessing = 0;
		};
/* End PBXFrameworksBuildPhase section */

/* Begin PBXGroup section */
		ACBB99F12F4B7C2C0044AA14 = {
			isa = PBXGroup;
			children = (
				ACBB99FC2F4B7C2C0044AA14 /* OutfitPicker */,
				ACBB9A0A2F4B7C2F0044AA14 /* OutfitPickerTests */,
				ACBB9A142F4B7C2F0044AA14 /* OutfitPickerUITests */,
				ACBB99FB2F4B7C2C0044AA14 /* Products */,
			);
			sourceTree = "<group>";
		};
		ACBB99FB2F4B7C2C0044AA14 /* Products */ = {
			isa = PBXGroup;
			children = (
				ACBB99FA2F4B7C2C0044AA14 /* OutfitPicker.app */,
				ACBB9A072F4B7C2F0044AA14 /* OutfitPickerTests.xctest */,
				ACBB9A112F4B7C2F0044AA14 /* OutfitPickerUITests.xctest */,
			);
			name = Products;
			sourceTree = "<group>";
		};
/* End PBXGroup section */

/* Begin PBXNativeTarget section */
		ACBB99F92F4B7C2C0044AA14 /* OutfitPicker */ = {
			isa = PBXNativeTarget;
			buildConfigurationList = ACBB9A1B2F4B7C2F0044AA14 /* Build configuration list for PBXNativeTarget "OutfitPicker" */;
			buildPhases = (
				ACBB99F62F4B7C2C0044AA14 /* Sources */,
				ACBB99F72F4B7C2C0044AA14 /* Frameworks */,
				ACBB99F82F4B7C2C0044AA14 /* Resources */,
			);
			buildRules = (
			);
			dependencies = (
			);
			fileSystemSynchronizedGroups = (
				ACBB99FC2F4B7C2C0044AA14 /* OutfitPicker */,
			);
			name = OutfitPicker;
			packageProductDependencies = (
			);
			productName = OutfitPicker;
			productReference = ACBB99FA2F4B7C2C0044AA14 /* OutfitPicker.app */;
			productType = "com.apple.product-type.application";
		};
		ACBB9A062F4B7C2F0044AA14 /* OutfitPickerTests */ = {
			isa = PBXNativeTarget;
			buildConfigurationList = ACBB9A1E2F4B7C2F0044AA14 /* Build configuration list for PBXNativeTarget "OutfitPickerTests" */;
			buildPhases = (
				ACBB9A032F4B7C2F0044AA14 /* Sources */,
				ACBB9A042F4B7C2F0044AA14 /* Frameworks */,
				ACBB9A052F4B7C2F0044AA14 /* Resources */,
			);
			buildRules = (
			);
			dependencies = (
				ACBB9A092F4B7C2F0044AA14 /* PBXTargetDependency */,
			);
			fileSystemSynchronizedGroups = (
				ACBB9A0A2F4B7C2F0044AA14 /* OutfitPickerTests */,
			);
			name = OutfitPickerTests;
			packageProductDependencies = (
			);
			productName = OutfitPickerTests;
			productReference = ACBB9A072F4B7C2F0044AA14 /* OutfitPickerTests.xctest */;
			productType = "com.apple.product-type.bundle.unit-test";
		};
		ACBB9A102F4B7C2F0044AA14 /* OutfitPickerUITests */ = {
			isa = PBXNativeTarget;
			buildConfigurationList = ACBB9A212F4B7C2F0044AA14 /* Build configuration list for PBXNativeTarget "OutfitPickerUITests" */;
			buildPhases = (
				ACBB9A0D2F4B7C2F0044AA14 /* Sources */,
				ACBB9A0E2F4B7C2F0044AA14 /* Frameworks */,
				ACBB9A0F2F4B7C2F0044AA14 /* Resources */,
			);
			buildRules = (
			);
			dependencies = (
				ACBB9A132F4B7C2F0044AA14 /* PBXTargetDependency */,
			);
			fileSystemSynchronizedGroups = (
				ACBB9A142F4B7C2F0044AA14 /* OutfitPickerUITests */,
			);
			name = OutfitPickerUITests;
			packageProductDependencies = (
			);
			productName = OutfitPickerUITests;
			productReference = ACBB9A112F4B7C2F0044AA14 /* OutfitPickerUITests.xctest */;
			productType = "com.apple.product-type.bundle.ui-testing";
		};
/* End PBXNativeTarget section */

/* Begin PBXProject section */
		ACBB99F22F4B7C2C0044AA14 /* Project object */ = {
			isa = PBXProject;
			attributes = {
				BuildIndependentTargetsInParallel = 1;
				LastSwiftUpdateCheck = 2600;
				LastUpgradeCheck = 2600;
				TargetAttributes = {
					ACBB99F92F4B7C2C0044AA14 = {
						CreatedOnToolsVersion = 26.0.1;
					};
					ACBB9A062F4B7C2F0044AA14 = {
						CreatedOnToolsVersion = 26.0.1;
						TestTargetID = ACBB99F92F4B7C2C0044AA14;
					};
					ACBB9A102F4B7C2F0044AA14 = {
						CreatedOnToolsVersion = 26.0.1;
						TestTargetID = ACBB99F92F4B7C2C0044AA14;
					};
				};
			};
			buildConfigurationList = ACBB99F52F4B7C2C0044AA14 /* Build configuration list for PBXProject "OutfitPicker" */;
			developmentRegion = en;
			hasScannedForEncodings = 0;
			knownRegions = (
				en,
				Base,
			);
			mainGroup = ACBB99F12F4B7C2C0044AA14;
			minimizedProjectReferenceProxies = 1;
			preferredProjectObjectVersion = 77;
			productRefGroup = ACBB99FB2F4B7C2C0044AA14 /* Products */;
			projectDirPath = "";
			projectRoot = "";
			targets = (
				ACBB99F92F4B7C2C0044AA14 /* OutfitPicker */,
				ACBB9A062F4B7C2F0044AA14 /* OutfitPickerTests */,
				ACBB9A102F4B7C2F0044AA14 /* OutfitPickerUITests */,
			);
		};
/* End PBXProject section */

/* Begin PBXResourcesBuildPhase section */
		ACBB99F82F4B7C2C0044AA14 /* Resources */ = {
			isa = PBXResourcesBuildPhase;
			buildActionMask = 2147483647;
			files = (
			);
			runOnlyForDeploymentPostprocessing = 0;
		};
		ACBB9A052F4B7C2F0044AA14 /* Resources */ = {
			isa = PBXResourcesBuildPhase;
			buildActionMask = 2147483647;
			files = (
			);
			runOnlyForDeploymentPostprocessing = 0;
		};
		ACBB9A0F2F4B7C2F0044AA14 /* Resources */ = {
			isa = PBXResourcesBuildPhase;
			buildActionMask = 2147483647;
			files = (
			);
			runOnlyForDeploymentPostprocessing = 0;
		};
/* End PBXResourcesBuildPhase section */

/* Begin PBXSourcesBuildPhase section */
		ACBB99F62F4B7C2C0044AA14 /* Sources */ = {
			isa = PBXSourcesBuildPhase;
			buildActionMask = 2147483647;
			files = (
			);
			runOnlyForDeploymentPostprocessing = 0;
		};
		ACBB9A032F4B7C2F0044AA14 /* Sources */ = {
			isa = PBXSourcesBuildPhase;
			buildActionMask = 2147483647;
			files = (
			);
			runOnlyForDeploymentPostprocessing = 0;
		};
		ACBB9A0D2F4B7C2F0044AA14 /* Sources */ = {
			isa = PBXSourcesBuildPhase;
			buildActionMask = 2147483647;
			files = (
			);
			runOnlyForDeploymentPostprocessing = 0;
		};
/* End PBXSourcesBuildPhase section */

/* Begin PBXTargetDependency section */
		ACBB9A092F4B7C2F0044AA14 /* PBXTargetDependency */ = {
			isa = PBXTargetDependency;
			target = ACBB99F92F4B7C2C0044AA14 /* OutfitPicker */;
			targetProxy = ACBB9A082F4B7C2F0044AA14 /* PBXContainerItemProxy */;
		};
		ACBB9A132F4B7C2F0044AA14 /* PBXTargetDependency */ = {
			isa = PBXTargetDependency;
			target = ACBB99F92F4B7C2C0044AA14 /* OutfitPicker */;
			targetProxy = ACBB9A122F4B7C2F0044AA14 /* PBXContainerItemProxy */;
		};
/* End PBXTargetDependency section */

/* Begin XCBuildConfiguration section */
		ACBB9A192F4B7C2F0044AA14 /* Debug */ = {
			isa = XCBuildConfiguration;
			buildSettings = {
				ALWAYS_SEARCH_USER_PATHS = NO;
				ASSETCATALOG_COMPILER_GENERATE_SWIFT_ASSET_SYMBOL_EXTENSIONS = YES;
				CLANG_ANALYZER_NONNULL = YES;
				CLANG_ANALYZER_NUMBER_OBJECT_CONVERSION = YES_AGGRESSIVE;
				CLANG_CXX_LANGUAGE_STANDARD = "gnu++20";
				CLANG_ENABLE_MODULES = YES;
				CLANG_ENABLE_OBJC_ARC = YES;
				CLANG_ENABLE_OBJC_WEAK = YES;
				CLANG_WARN_BLOCK_CAPTURE_AUTORELEASING = YES;
				CLANG_WARN_BOOL_CONVERSION = YES;
				CLANG_WARN_COMMA = YES;
				CLANG_WARN_CONSTANT_CONVERSION = YES;
				CLANG_WARN_DEPRECATED_OBJC_IMPLEMENTATIONS = YES;
				CLANG_WARN_DIRECT_OBJC_ISA_USAGE = YES_ERROR;
				CLANG_WARN_DOCUMENTATION_COMMENTS = YES;
				CLANG_WARN_EMPTY_BODY = YES;
				CLANG_WARN_ENUM_CONVERSION = YES;
				CLANG_WARN_INFINITE_RECURSION = YES;
				CLANG_WARN_INT_CONVERSION = YES;
				CLANG_WARN_NON_LITERAL_NULL_CONVERSION = YES;
				CLANG_WARN_OBJC_IMPLICIT_RETAIN_SELF = YES;
				CLANG_WARN_OBJC_LITERAL_CONVERSION = YES;
				CLANG_WARN_OBJC_ROOT_CLASS = YES_ERROR;
				CLANG_WARN_QUOTED_INCLUDE_IN_FRAMEWORK_HEADER = YES;
				CLANG_WARN_RANGE_LOOP_ANALYSIS = YES;
				CLANG_WARN_STRICT_PROTOTYPES = YES;
				CLANG_WARN_SUSPICIOUS_MOVE = YES;
				CLANG_WARN_UNGUARDED_AVAILABILITY = YES_AGGRESSIVE;
				CLANG_WARN_UNREACHABLE_CODE = YES;
				CLANG_WARN__DUPLICATE_METHOD_MATCH = YES;
				COPY_PHASE_STRIP = NO;
				DEBUG_INFORMATION_FORMAT = dwarf;
				ENABLE_STRICT_OBJC_MSGSEND = YES;
				ENABLE_TESTABILITY = YES;
				ENABLE_USER_SCRIPT_SANDBOXING = YES;
				GCC_C_LANGUAGE_STANDARD = gnu17;
				GCC_DYNAMIC_NO_PIC = NO;
				GCC_NO_COMMON_BLOCKS = YES;
				GCC_OPTIMIZATION_LEVEL = 0;
				GCC_PREPROCESSOR_DEFINITIONS = (
					"DEBUG=1",
					"$(inherited)",
				);
				GCC_WARN_64_TO_32_BIT_CONVERSION = YES;
				GCC_WARN_ABOUT_RETURN_TYPE = YES_ERROR;
				GCC_WARN_UNDECLARED_SELECTOR = YES;
				GCC_WARN_UNINITIALIZED_AUTOS = YES_AGGRESSIVE;
				GCC_WARN_UNUSED_FUNCTION = YES;
				GCC_WARN_UNUSED_VARIABLE = YES;
				IPHONEOS_DEPLOYMENT_TARGET = 26.0;
				LOCALIZATION_PREFERS_STRING_CATALOGS = YES;
				MTL_ENABLE_DEBUG_INFO = INCLUDE_SOURCE;
				MTL_FAST_MATH = YES;
				ONLY_ACTIVE_ARCH = YES;
				SDKROOT = iphoneos;
				SWIFT_ACTIVE_COMPILATION_CONDITIONS = "DEBUG $(inherited)";
				SWIFT_OPTIMIZATION_LEVEL = "-Onone";
			};
			name = Debug;
		};
		ACBB9A1A2F4B7C2F0044AA14 /* Release */ = {
			isa = XCBuildConfiguration;
			buildSettings = {
				ALWAYS_SEARCH_USER_PATHS = NO;
				ASSETCATALOG_COMPILER_GENERATE_SWIFT_ASSET_SYMBOL_EXTENSIONS = YES;
				CLANG_ANALYZER_NONNULL = YES;
				CLANG_ANALYZER_NUMBER_OBJECT_CONVERSION = YES_AGGRESSIVE;
				CLANG_CXX_LANGUAGE_STANDARD = "gnu++20";
				CLANG_ENABLE_MODULES = YES;
				CLANG_ENABLE_OBJC_ARC = YES;
				CLANG_ENABLE_OBJC_WEAK = YES;
				CLANG_WARN_BLOCK_CAPTURE_AUTORELEASING = YES;
				CLANG_WARN_BOOL_CONVERSION = YES;
				CLANG_WARN_COMMA = YES;
				CLANG_WARN_CONSTANT_CONVERSION = YES;
				CLANG_WARN_DEPRECATED_OBJC_IMPLEMENTATIONS = YES;
				CLANG_WARN_DIRECT_OBJC_ISA_USAGE = YES_ERROR;
				CLANG_WARN_DOCUMENTATION_COMMENTS = YES;
				CLANG_WARN_EMPTY_BODY = YES;
				CLANG_WARN_ENUM_CONVERSION = YES;
				CLANG_WARN_INFINITE_RECURSION = YES;
				CLANG_WARN_INT_CONVERSION = YES;
				CLANG_WARN_NON_LITERAL_NULL_CONVERSION = YES;
				CLANG_WARN_OBJC_IMPLICIT_RETAIN_SELF = YES;
				CLANG_WARN_OBJC_LITERAL_CONVERSION = YES;
				CLANG_WARN_OBJC_ROOT_CLASS = YES_ERROR;
				CLANG_WARN_QUOTED_INCLUDE_IN_FRAMEWORK_HEADER = YES;
				CLANG_WARN_RANGE_LOOP_ANALYSIS = YES;
				CLANG_WARN_STRICT_PROTOTYPES = YES;
				CLANG_WARN_SUSPICIOUS_MOVE = YES;
				CLANG_WARN_UNGUARDED_AVAILABILITY = YES_AGGRESSIVE;
				CLANG_WARN_UNREACHABLE_CODE = YES;
				CLANG_WARN__DUPLICATE_METHOD_MATCH = YES;
				COPY_PHASE_STRIP = NO;
				DEBUG_INFORMATION_FORMAT = "dwarf-with-dsym";
				ENABLE_NS_ASSERTIONS = NO;
				ENABLE_STRICT_OBJC_MSGSEND = YES;
				ENABLE_USER_SCRIPT_SANDBOXING = YES;
				GCC_C_LANGUAGE_STANDARD = gnu17;
				GCC_NO_COMMON_BLOCKS = YES;
				GCC_WARN_64_TO_32_BIT_CONVERSION = YES;
				GCC_WARN_ABOUT_RETURN_TYPE = YES_ERROR;
				GCC_WARN_UNDECLARED_SELECTOR = YES;
				GCC_WARN_UNINITIALIZED_AUTOS = YES_AGGRESSIVE;
				GCC_WARN_UNUSED_FUNCTION = YES;
				GCC_WARN_UNUSED_VARIABLE = YES;
				IPHONEOS_DEPLOYMENT_TARGET = 26.0;
				LOCALIZATION_PREFERS_STRING_CATALOGS = YES;
				MTL_ENABLE_DEBUG_INFO = NO;
				MTL_FAST_MATH = YES;
				SDKROOT = iphoneos;
				SWIFT_COMPILATION_MODE = wholemodule;
				VALIDATE_PRODUCT = YES;
			};
			name = Release;
		};
		ACBB9A1C2F4B7C2F0044AA14 /* Debug */ = {
			isa = XCBuildConfiguration;
			buildSettings = {
				ASSETCATALOG_COMPILER_APPICON_NAME = AppIcon;
				ASSETCATALOG_COMPILER_GLOBAL_ACCENT_COLOR_NAME = AccentColor;
				CODE_SIGN_STYLE = Automatic;
				CURRENT_PROJECT_VERSION = 1;
				ENABLE_PREVIEWS = YES;
				GENERATE_INFOPLIST_FILE = YES;
				INFOPLIST_KEY_UIApplicationSceneManifest_Generation = YES;
				INFOPLIST_KEY_UIApplicationSupportsIndirectInputEvents = YES;
				INFOPLIST_KEY_UILaunchScreen_Generation = YES;
				INFOPLIST_KEY_UISupportedInterfaceOrientations_iPad = "UIInterfaceOrientationPortrait UIInterfaceOrientationPortraitUpsideDown UIInterfaceOrientationLandscapeLeft UIInterfaceOrientationLandscapeRight";
				INFOPLIST_KEY_UISupportedInterfaceOrientations_iPhone = "UIInterfaceOrientationPortrait UIInterfaceOrientationLandscapeLeft UIInterfaceOrientationLandscapeRight";
				LD_RUNPATH_SEARCH_PATHS = (
					"$(inherited)",
					"@executable_path/Frameworks",
				);
				MARKETING_VERSION = 1.0;
				PRODUCT_BUNDLE_IDENTIFIER = com.example.OutfitPicker;
				PRODUCT_NAME = "$(TARGET_NAME)";
				STRING_CATALOG_GENERATE_SYMBOLS = YES;
				SWIFT_APPROACHABLE_CONCURRENCY = YES;
				SWIFT_DEFAULT_ACTOR_ISOLATION = MainActor;
				SWIFT_EMIT_LOC_STRINGS = YES;
				SWIFT_UPCOMING_FEATURE_MEMBER_IMPORT_VISIBILITY = YES;
				SWIFT_VERSION = 5.0;
				TARGETED_DEVICE_FAMILY = "1,2";
			};
			name = Debug;
		};
		ACBB9A1D2F4B7C2F0044AA14 /* Release */ = {
			isa = XCBuildConfiguration;
			buildSettings = {
				ASSETCATALOG_COMPILER_APPICON_NAME = AppIcon;
				ASSETCATALOG_COMPILER_GLOBAL_ACCENT_COLOR_NAME = AccentColor;
				CODE_SIGN_STYLE = Automatic;
				CURRENT_PROJECT_VERSION = 1;
				ENABLE_PREVIEWS = YES;
				GENERATE_INFOPLIST_FILE = YES;
				INFOPLIST_KEY_UIApplicationSceneManifest_Generation = YES;
				INFOPLIST_KEY_UIApplicationSupportsIndirectInputEvents = YES;
				INFOPLIST_KEY_UILaunchScreen_Generation = YES;
				INFOPLIST_KEY_UISupportedInterfaceOrientations_iPad = "UIInterfaceOrientationPortrait UIInterfaceOrientationPortraitUpsideDown UIInterfaceOrientationLandscapeLeft UIInterfaceOrientationLandscapeRight";
				INFOPLIST_KEY_UISupportedInterfaceOrientations_iPhone = "UIInterfaceOrientationPortrait UIInterfaceOrientationLandscapeLeft UIInterfaceOrientationLandscapeRight";
				LD_RUNPATH_SEARCH_PATHS = (
					"$(inherited)",
					"@executable_path/Frameworks",
				);
				MARKETING_VERSION = 1.0;
				PRODUCT_BUNDLE_IDENTIFIER = com.example.OutfitPicker;
				PRODUCT_NAME = "$(TARGET_NAME)";
				STRING_CATALOG_GENERATE_SYMBOLS = YES;
				SWIFT_APPROACHABLE_CONCURRENCY = YES;
				SWIFT_DEFAULT_ACTOR_ISOLATION = MainActor;
				SWIFT_EMIT_LOC_STRINGS = YES;
				SWIFT_UPCOMING_FEATURE_MEMBER_IMPORT_VISIBILITY = YES;
				SWIFT_VERSION = 5.0;
				TARGETED_DEVICE_FAMILY = "1,2";
			};
			name = Release;
		};
		ACBB9A1F2F4B7C2F0044AA14 /* Debug */ = {
			isa = XCBuildConfiguration;
			buildSettings = {
				BUNDLE_LOADER = "$(TEST_HOST)";
				CODE_SIGN_STYLE = Automatic;
				CURRENT_PROJECT_VERSION = 1;
				GENERATE_INFOPLIST_FILE = YES;
				IPHONEOS_DEPLOYMENT_TARGET = 26.0;
				MARKETING_VERSION = 1.0;
				PRODUCT_BUNDLE_IDENTIFIER = com.example.OutfitPickerTests;
				PRODUCT_NAME = "$(TARGET_NAME)";
				STRING_CATALOG_GENERATE_SYMBOLS = NO;
				SWIFT_APPROACHABLE_CONCURRENCY = YES;
				SWIFT_EMIT_LOC_STRINGS = NO;
				SWIFT_UPCOMING_FEATURE_MEMBER_IMPORT_VISIBILITY = YES;
				SWIFT_VERSION = 5.0;
				TARGETED_DEVICE_FAMILY = "1,2";
				TEST_HOST = "$(BUILT_PRODUCTS_DIR)/OutfitPicker.app/$(BUNDLE_EXECUTABLE_FOLDER_PATH)/OutfitPicker";
			};
			name = Debug;
		};
		ACBB9A202F4B7C2F0044AA14 /* Release */ = {
			isa = XCBuildConfiguration;
			buildSettings = {
				BUNDLE_LOADER = "$(TEST_HOST)";
				CODE_SIGN_STYLE = Automatic;
				CURRENT_PROJECT_VERSION = 1;
				GENERATE_INFOPLIST_FILE = YES;
				IPHONEOS_DEPLOYMENT_TARGET = 26.0;
				MARKETING_VERSION = 1.0;
				PRODUCT_BUNDLE_IDENTIFIER = com.example.OutfitPickerTests;
				PRODUCT_NAME = "$(TARGET_NAME)";
				STRING_CATALOG_GENERATE_SYMBOLS = NO;
				SWIFT_APPROACHABLE_CONCURRENCY = YES;
				SWIFT_EMIT_LOC_STRINGS = NO;
				SWIFT_UPCOMING_FEATURE_MEMBER_IMPORT_VISIBILITY = YES;
				SWIFT_VERSION = 5.0;
				TARGETED_DEVICE_FAMILY = "1,2";
				TEST_HOST = "$(BUILT_PRODUCTS_DIR)/OutfitPicker.app/$(BUNDLE_EXECUTABLE_FOLDER_PATH)/OutfitPicker";
			};
			name = Release;
		};
		ACBB9A222F4B7C2F0044AA14 /* Debug */ = {
			isa = XCBuildConfiguration;
			buildSettings = {
				CODE_SIGN_STYLE = Automatic;
				CURRENT_PROJECT_VERSION = 1;
				GENERATE_INFOPLIST_FILE = YES;
				MARKETING_VERSION = 1.0;
				PRODUCT_BUNDLE_IDENTIFIER = com.example.OutfitPickerUITests;
				PRODUCT_NAME = "$(TARGET_NAME)";
				STRING_CATALOG_GENERATE_SYMBOLS = NO;
				SWIFT_APPROACHABLE_CONCURRENCY = YES;
				SWIFT_EMIT_LOC_STRINGS = NO;
				SWIFT_UPCOMING_FEATURE_MEMBER_IMPORT_VISIBILITY = YES;
				SWIFT_VERSION = 5.0;
				TARGETED_DEVICE_FAMILY = "1,2";
				TEST_TARGET_NAME = OutfitPicker;
			};
			name = Debug;
		};
		ACBB9A232F4B7C2F0044AA14 /* Release */ = {
			isa = XCBuildConfiguration;
			buildSettings = {
				CODE_SIGN_STYLE = Automatic;
				CURRENT_PROJECT_VERSION = 1;
				GENERATE_INFOPLIST_FILE = YES;
				MARKETING_VERSION = 1.0;
				PRODUCT_BUNDLE_IDENTIFIER = com.example.OutfitPickerUITests;
				PRODUCT_NAME = "$(TARGET_NAME)";
				STRING_CATALOG_GENERATE_SYMBOLS = NO;
				SWIFT_APPROACHABLE_CONCURRENCY = YES;
				SWIFT_EMIT_LOC_STRINGS = NO;
				SWIFT_UPCOMING_FEATURE_MEMBER_IMPORT_VISIBILITY = YES;
				SWIFT_VERSION = 5.0;
				TARGETED_DEVICE_FAMILY = "1,2";
				TEST_TARGET_NAME = OutfitPicker;
			};
			name = Release;
		};
/* End XCBuildConfiguration section */

/* Begin XCConfigurationList section */
		ACBB99F52F4B7C2C0044AA14 /* Build configuration list for PBXProject "OutfitPicker" */ = {
			isa = XCConfigurationList;
			buildConfigurations = (
				ACBB9A192F4B7C2F0044AA14 /* Debug */,
				ACBB9A1A2F4B7C2F0044AA14 /* Release */,
			);
			defaultConfigurationIsVisible = 0;
			defaultConfigurationName = Release;
		};
		ACBB9A1B2F4B7C2F0044AA14 /* Build configuration list for PBXNativeTarget "OutfitPicker" */ = {
			isa = XCConfigurationList;
			buildConfigurations = (
				ACBB9A1C2F4B7C2F0044AA14 /* Debug */,
				ACBB9A1D2F4B7C2F0044AA14 /* Release */,
			);
			defaultConfigurationIsVisible = 0;
			defaultConfigurationName = Release;
		};
		ACBB9A1E2F4B7C2F0044AA14 /* Build configuration list for PBXNativeTarget "OutfitPickerTests" */ = {
			isa = XCConfigurationList;
			buildConfigurations = (
				ACBB9A1F2F4B7C2F0044AA14 /* Debug */,
				ACBB9A202F4B7C2F0044AA14 /* Release */,
			);
			defaultConfigurationIsVisible = 0;
			defaultConfigurationName = Release;
		};
		ACBB9A212F4B7C2F0044AA14 /* Build configuration list for PBXNativeTarget "OutfitPickerUITests" */ = {
			isa = XCConfigurationList;
			buildConfigurations = (
				ACBB9A222F4B7C2F0044AA14 /* Debug */,
				ACBB9A232F4B7C2F0044AA14 /* Release */,
			);
			defaultConfigurationIsVisible = 0;
			defaultConfigurationName = Release;
		};
/* End XCConfigurationList section */
	};
	rootObject = ACBB99F22F4B7C2C0044AA14 /* Project object */;
}
